
Microsoft Visual Studio Solution File, Format Version 12.00
# Visual Studio Version 16
VisualStudioVersion = 16.0.29806.167
MinimumVisualStudioVersion = 10.0.40219.1
Project("{9A19103F-16F7-4668-BE54-9A1E7A4F7556}") = "02. OrderManagement", "OrderManagementWeb\02. OrderManagement.csproj", "{4E78DC96-E6C7-4D0C-BC34-506F24977A0A}"
EndProject
Project("{9A19103F-16F7-4668-BE54-9A1E7A4F7556}") = "01. OrderManagement-startpoint", "OrderManagementWeb-TightCoupling\01. OrderManagement-startpoint.csproj", "{AC8301A4-29FC-49A4-8B7C-2DDD53C1864C}"
EndProject
Project("{9A19103F-16F7-4668-BE54-9A1E7A4F7556}") = "03. OrderManagementConsole", "OrderManagementConsole\03. OrderManagementConsole.csproj", "{4D51FA0F-6C22-426A-B9C4-25850AAB43DF}"
EndProject
Project("{9A19103F-16F7-4668-BE54-9A1E7A4F7556}") = "04. DependencyInjectionSample", "DependencyInjectionSample\04. DependencyInjectionSample.csproj", "{06C9E256-F1E5-4E84-8423-BE8EA1814E18}"
EndProject
Global
	GlobalSection(SolutionConfigurationPlatforms) = preSolution
		Debug|Any CPU = Debug|Any CPU
		Release|Any CPU = Release|Any CPU
	EndGlobalSection
	GlobalSection(ProjectConfigurationPlatforms) = postSolution
		{4E78DC96-E6C7-4D0C-BC34-506F24977A0A}.Debug|Any CPU.ActiveCfg = Debug|Any CPU
		{4E78DC96-E6C7-4D0C-BC34-506F24977A0A}.Debug|Any CPU.Build.0 = Debug|Any CPU
		{4E78DC96-E6C7-4D0C-BC34-506F24977A0A}.Release|Any CPU.ActiveCfg = Release|Any CPU
		{4E78DC96-E6C7-4D0C-BC34-506F24977A0A}.Release|Any CPU.Build.0 = Release|Any CPU
		{AC8301A4-29FC-49A4-8B7C-2DDD53C1864C}.Debug|Any CPU.ActiveCfg = Debug|Any CPU
		{AC8301A4-29FC-49A4-8B7C-2DDD53C1864C}.Debug|Any CPU.Build.0 = Debug|Any CPU
		{AC8301A4-29FC-49A4-8B7C-2DDD53C1864C}.Release|Any CPU.ActiveCfg = Release|Any CPU
		{AC8301A4-29FC-49A4-8B7C-2DDD53C1864C}.Release|Any CPU.Build.0 = Release|Any CPU
		{4D51FA0F-6C22-426A-B9C4-25850AAB43DF}.Debug|Any CPU.ActiveCfg = Debug|Any CPU
		{4D51FA0F-6C22-426A-B9C4-25850AAB43DF}.Debug|Any CPU.Build.0 = Debug|Any CPU
		{4D51FA0F-6C22-426A-B9C4-25850AAB43DF}.Release|Any CPU.ActiveCfg = Release|Any CPU
		{4D51FA0F-6C22-426A-B9C4-25850AAB43DF}.Release|Any CPU.Build.0 = Release|Any CPU
		{06C9E256-F1E5-4E84-8423-BE8EA1814E18}.Debug|Any CPU.ActiveCfg = Debug|Any CPU
		{06C9E256-F1E5-4E84-8423-BE8EA1814E18}.Debug|Any CPU.Build.0 = Debug|Any CPU
		{06C9E256-F1E5-4E84-8423-BE8EA1814E18}.Release|Any CPU.ActiveCfg = Release|Any CPU
		{06C9E256-F1E5-4E84-8423-BE8EA1814E18}.Release|Any CPU.Build.0 = Release|Any CPU
	EndGlobalSection
	GlobalSection(SolutionProperties) = preSolution
		HideSolutionNode = FALSE
	EndGlobalSection
	GlobalSection(ExtensibilityGlobals) = postSolution
		SolutionGuid = {95D9F16A-11D7-48F7-8FD2-B909C170CF29}
	EndGlobalSection
EndGlobal
